
Microsoft Visual Studio Solution File, Format Version 12.00
# Visual Studio 15
Project("{FAE04EC0-301F-11D3-BF4B-00C04F79EFBC}") = "UnityEngine.TestRunner", "UnityEngine.TestRunner.csproj", "{B099F061-F3E6-79AF-0A68-20525821D42C}"
EndProject
Project("{FAE04EC0-301F-11D3-BF4B-00C04F79EFBC}") = "UnityEngine.UI", "UnityEngine.UI.csproj", "{526AFE6C-DC9B-230B-C111-F340BE4CA596}"
EndProject
Project("{FAE04EC0-301F-11D3-BF4B-00C04F79EFBC}") = "Unity.VisualScripting.Flow", "Unity.VisualScripting.Flow.csproj", "{9C97DA00-D209-EECC-1B64-88F5D0CB7B33}"
EndProject
Project("{FAE04EC0-301F-11D3-BF4B-00C04F79EFBC}") = "Unity.Mathematics", "Unity.Mathematics.csproj", "{5D8513F2-1CB5-47FF-FD8A-8868ADB33088}"
EndProject
Project("{FAE04EC0-301F-11D3-BF4B-00C04F79EFBC}") = "Unity.VisualScripting.State", "Unity.VisualScripting.State.csproj", "{93DD45AE-13B6-1698-938D-D4619CE76780}"
EndProject
Project("{FAE04EC0-301F-11D3-BF4B-00C04F79EFBC}") = "Unity.VisualScripting.Core", "Unity.VisualScripting.Core.csproj", "{6F2D98E9-45BB-5C2A-1D94-2E3A0FC8F3E6}"
EndProject
Project("{FAE04EC0-301F-11D3-BF4B-00C04F79EFBC}") = "Unity.Burst", "Unity.Burst.csproj", "{E6388C6F-E487-C494-2535-E2D7EB61F74D}"
EndProject
Project("{FAE04EC0-301F-11D3-BF4B-00C04F79EFBC}") = "Unity.2D.Animation.Runtime", "Unity.2D.Animation.Runtime.csproj", "{BE77501E-EF02-03F1-79BF-8F8D771E7279}"
EndProject
Project("{FAE04EC0-301F-11D3-BF4B-00C04F79EFBC}") = "Unity.TextMeshPro", "Unity.TextMeshPro.csproj", "{9BA2B9AB-08A6-BB95-DFE5-402E179AE927}"
EndProject
Project("{FAE04EC0-301F-11D3-BF4B-00C04F79EFBC}") = "Unity.Timeline", "Unity.Timeline.csproj", "{3AE151C5-478A-D0C7-BCC3-D0B5A162E10A}"
EndProject
Project("{FAE04EC0-301F-11D3-BF4B-00C04F79EFBC}") = "Unity.2D.SpriteShape.Runtime", "Unity.2D.SpriteShape.Runtime.csproj", "{56AF48A1-8EA0-7770-A64E-738400349367}"
EndProject
Project("{FAE04EC0-301F-11D3-BF4B-00C04F79EFBC}") = "Unity.2D.PixelPerfect", "Unity.2D.PixelPerfect.csproj", "{010EB550-06A5-B8A8-3EB2-4394218C8692}"
EndProject
Project("{FAE04EC0-301F-11D3-BF4B-00C04F79EFBC}") = "Unity.2D.Common.Runtime", "Unity.2D.Common.Runtime.csproj", "{B9AA37F4-E57F-0E24-39BD-C3580D8CC430}"
EndProject
Project("{FAE04EC0-301F-11D3-BF4B-00C04F79EFBC}") = "Unity.2D.IK.Runtime", "Unity.2D.IK.Runtime.csproj", "{717B7A99-51D3-C17C-813B-E54F7E87D348}"
EndProject
Project("{FAE04EC0-301F-11D3-BF4B-00C04F79EFBC}") = "Assembly-CSharp", "Assembly-CSharp.csproj", "{C6A62212-8B40-3482-B05B-00F3786A8E3F}"
EndProject
Project("{FAE04EC0-301F-11D3-BF4B-00C04F79EFBC}") = "Unity.2D.Tilemap.Extras", "Unity.2D.Tilemap.Extras.csproj", "{C69807DE-BF13-D841-5341-B434022B0132}"
EndProject
Project("{FAE04EC0-301F-11D3-BF4B-00C04F79EFBC}") = "Unity.InternalAPIEngineBridge.001", "Unity.InternalAPIEngineBridge.001.csproj", "{4E1B5B92-065F-9BDE-3525-82BD070C7B2A}"
EndProject
Project("{FAE04EC0-301F-11D3-BF4B-00C04F79EFBC}") = "Unity.PlasticSCM.Editor", "Unity.PlasticSCM.Editor.csproj", "{7804F903-66D6-5E2B-3FC8-E4B4A642B547}"
EndProject
Project("{FAE04EC0-301F-11D3-BF4B-00C04F79EFBC}") = "Unity.VisualScripting.Core.Editor", "Unity.VisualScripting.Core.Editor.csproj", "{267CFC20-2365-B290-01A2-94601BB7DB33}"
EndProject
Project("{FAE04EC0-301F-11D3-BF4B-00C04F79EFBC}") = "Unity.VisualScripting.Flow.Editor", "Unity.VisualScripting.Flow.Editor.csproj", "{0E794EBE-9A22-26FA-22A5-BCAA56271F82}"
EndProject
Project("{FAE04EC0-301F-11D3-BF4B-00C04F79EFBC}") = "Unity.VisualStudio.Editor", "Unity.VisualStudio.Editor.csproj", "{A8D6E76A-8067-479A-8A73-8D6509D5D4AF}"
EndProject
Project("{FAE04EC0-301F-11D3-BF4B-00C04F79EFBC}") = "Unity.Timeline.Editor", "Unity.Timeline.Editor.csproj", "{F345984C-84A7-0ADB-2DB2-363550266B7A}"
EndProject
Project("{FAE04EC0-301F-11D3-BF4B-00C04F79EFBC}") = "Unity.VisualScripting.State.Editor", "Unity.VisualScripting.State.Editor.csproj", "{8EB36CBD-98D1-289F-E2EA-B242001D9F01}"
EndProject
Project("{FAE04EC0-301F-11D3-BF4B-00C04F79EFBC}") = "Unity.TextMeshPro.Editor", "Unity.TextMeshPro.Editor.csproj", "{DAF49D0B-FFD7-D882-49D2-12E8C64028E1}"
EndProject
Project("{FAE04EC0-301F-11D3-BF4B-00C04F79EFBC}") = "Unity.2D.Animation.Editor", "Unity.2D.Animation.Editor.csproj", "{7C888851-A565-0103-CE32-81EB37D80101}"
EndProject
Project("{FAE04EC0-301F-11D3-BF4B-00C04F79EFBC}") = "Unity.VisualScripting.SettingsProvider.Editor", "Unity.VisualScripting.SettingsProvider.Editor.csproj", "{9A1CF7FD-8D0F-C061-842B-9481F77157EF}"
EndProject
Project("{FAE04EC0-301F-11D3-BF4B-00C04F79EFBC}") = "Unity.CollabProxy.Editor", "Unity.CollabProxy.Editor.csproj", "{77D9B344-50E8-254F-9B2A-3796312586ED}"
EndProject
Project("{FAE04EC0-301F-11D3-BF4B-00C04F79EFBC}") = "UnityEditor.TestRunner", "UnityEditor.TestRunner.csproj", "{C6DA0E5A-C4D5-F300-E04F-D41F472E6E51}"
EndProject
Project("{FAE04EC0-301F-11D3-BF4B-00C04F79EFBC}") = "Unity.2D.Tilemap.Editor", "Unity.2D.Tilemap.Editor.csproj", "{DA962619-0D9D-4458-6F83-B20492037979}"
EndProject
Project("{FAE04EC0-301F-11D3-BF4B-00C04F79EFBC}") = "Unity.Rider.Editor", "Unity.Rider.Editor.csproj", "{2027CD38-AA05-81A9-FF1F-CF3F39F6429E}"
EndProject
Project("{FAE04EC0-301F-11D3-BF4B-00C04F79EFBC}") = "Unity.2D.Path.Editor", "Unity.2D.Path.Editor.csproj", "{D8FA0A91-8A10-D7B4-82C4-09D511E1803E}"
EndProject
Project("{FAE04EC0-301F-11D3-BF4B-00C04F79EFBC}") = "Unity.Services.Core.Editor", "Unity.Services.Core.Editor.csproj", "{B6D9A9B5-1128-8D7B-D219-ECAF71B7779C}"
EndProject
Project("{FAE04EC0-301F-11D3-BF4B-00C04F79EFBC}") = "PsdPlugin", "PsdPlugin.csproj", "{53EBDF85-209B-7FF1-4085-38CE9A3EDE73}"
EndProject
Project("{FAE04EC0-301F-11D3-BF4B-00C04F79EFBC}") = "Unity.2D.IK.Editor", "Unity.2D.IK.Editor.csproj", "{1856DDC3-E3F6-EB36-C7DA-C840458D6798}"
EndProject
Project("{FAE04EC0-301F-11D3-BF4B-00C04F79EFBC}") = "Unity.2D.Psdimporter.Editor", "Unity.2D.Psdimporter.Editor.csproj", "{AD54EE8F-3F74-1F5D-6DAE-63D53ED25EBE}"
EndProject
Project("{FAE04EC0-301F-11D3-BF4B-00C04F79EFBC}") = "Unity.2D.SpriteShape.Editor", "Unity.2D.SpriteShape.Editor.csproj", "{19F67F38-D734-4C4F-C7D0-A12E41397CB0}"
EndProject
Project("{FAE04EC0-301F-11D3-BF4B-00C04F79EFBC}") = "Unity.Burst.CodeGen", "Unity.Burst.CodeGen.csproj", "{34CFF5D4-302A-42EF-5EB3-7612BE563E13}"
EndProject
Project("{FAE04EC0-301F-11D3-BF4B-00C04F79EFBC}") = "Unity.2D.PixelPerfect.Editor", "Unity.2D.PixelPerfect.Editor.csproj", "{E5C255F9-1B5F-3E00-EE10-149CC5634982}"
EndProject
Project("{FAE04EC0-301F-11D3-BF4B-00C04F79EFBC}") = "Unity.VSCode.Editor", "Unity.VSCode.Editor.csproj", "{F3FD798C-88B8-508C-7362-1A06FEB68DFC}"
EndProject
Project("{FAE04EC0-301F-11D3-BF4B-00C04F79EFBC}") = "Unity.2D.Sprite.Editor", "Unity.2D.Sprite.Editor.csproj", "{CCC42C2A-D34E-FA84-DB35-DB5F83C04B66}"
EndProject
Project("{FAE04EC0-301F-11D3-BF4B-00C04F79EFBC}") = "UnityEditor.UI", "UnityEditor.UI.csproj", "{571F6837-A9CE-6E7A-AAF3-BA5E7A7E6291}"
EndProject
Project("{FAE04EC0-301F-11D3-BF4B-00C04F79EFBC}") = "Unity.2D.Common.Editor", "Unity.2D.Common.Editor.csproj", "{3461D763-CB30-091E-6437-140083F3D9BF}"
EndProject
Project("{FAE04EC0-301F-11D3-BF4B-00C04F79EFBC}") = "Unity.Mathematics.Editor", "Unity.Mathematics.Editor.csproj", "{0792F17E-449B-3524-F3F2-42C3BBD1177F}"
EndProject
Project("{FAE04EC0-301F-11D3-BF4B-00C04F79EFBC}") = "Unity.2D.Tilemap.Extras.Editor", "Unity.2D.Tilemap.Extras.Editor.csproj", "{12DB28C8-E763-90D1-4261-988F29D847B6}"
EndProject
Project("{FAE04EC0-301F-11D3-BF4B-00C04F79EFBC}") = "Unity.Burst.Editor", "Unity.Burst.Editor.csproj", "{FD044998-6C4D-9E8A-C634-B84F4F2C3925}"
EndProject
Project("{FAE04EC0-301F-11D3-BF4B-00C04F79EFBC}") = "Unity.InternalAPIEditorBridge.001", "Unity.InternalAPIEditorBridge.001.csproj", "{00EEB40B-7832-9890-3DAC-C2D561A71730}"
EndProject
Project("{FAE04EC0-301F-11D3-BF4B-00C04F79EFBC}") = "Unity.VisualScripting.Shared.Editor", "Unity.VisualScripting.Shared.Editor.csproj", "{E75FDA4B-9E10-D805-8232-30AFED6D3CCB}"
EndProject
Project("{FAE04EC0-301F-11D3-BF4B-00C04F79EFBC}") = "UnityEngine.TestRunner", "UnityEngine.TestRunner.Player.csproj", "{EB0A89F7-8E39-4265-3798-273765329EAE}"
EndProject
Project("{FAE04EC0-301F-11D3-BF4B-00C04F79EFBC}") = "UnityEngine.UI", "UnityEngine.UI.Player.csproj", "{FA985486-46CD-CEA7-D11C-A6FE931AA35A}"
EndProject
Project("{FAE04EC0-301F-11D3-BF4B-00C04F79EFBC}") = "Unity.VisualScripting.Flow", "Unity.VisualScripting.Flow.Player.csproj", "{5BADC6C7-6AB5-B792-06EC-7248977F7082}"
EndProject
Project("{FAE04EC0-301F-11D3-BF4B-00C04F79EFBC}") = "Unity.Mathematics", "Unity.Mathematics.Player.csproj", "{4E57ADEA-1340-FDCB-804F-0759FED9C210}"
EndProject
Project("{FAE04EC0-301F-11D3-BF4B-00C04F79EFBC}") = "Unity.VisualScripting.State", "Unity.VisualScripting.State.Player.csproj", "{C09E8BB8-0D61-773E-91EC-8B8B8165B3EA}"
EndProject
Project("{FAE04EC0-301F-11D3-BF4B-00C04F79EFBC}") = "Unity.VisualScripting.Core", "Unity.VisualScripting.Core.Player.csproj", "{7807C540-9B66-0E13-0DDD-96354A1D72C9}"
EndProject
Project("{FAE04EC0-301F-11D3-BF4B-00C04F79EFBC}") = "Unity.Burst", "Unity.Burst.Player.csproj", "{7132783A-505E-42EF-02FA-40E34C6C9212}"
EndProject
Project("{FAE04EC0-301F-11D3-BF4B-00C04F79EFBC}") = "Unity.2D.Animation.Runtime", "Unity.2D.Animation.Runtime.Player.csproj", "{D16CB474-B21A-926D-889E-A081B019DA56}"
EndProject
Project("{FAE04EC0-301F-11D3-BF4B-00C04F79EFBC}") = "Unity.TextMeshPro", "Unity.TextMeshPro.Player.csproj", "{BF3D8E07-3351-0D37-3779-4D693FA684FB}"
EndProject
Project("{FAE04EC0-301F-11D3-BF4B-00C04F79EFBC}") = "Unity.Timeline", "Unity.Timeline.Player.csproj", "{A1D63A00-8A4E-B368-A0E4-2CDDE1C5E86B}"
EndProject
Project("{FAE04EC0-301F-11D3-BF4B-00C04F79EFBC}") = "Unity.2D.SpriteShape.Runtime", "Unity.2D.SpriteShape.Runtime.Player.csproj", "{F268A19B-4667-DA70-9550-CADF634BCB9F}"
EndProject
Project("{FAE04EC0-301F-11D3-BF4B-00C04F79EFBC}") = "Unity.2D.PixelPerfect", "Unity.2D.PixelPerfect.Player.csproj", "{3BAC8711-3C50-6266-13C5-CF7A48E450BA}"
EndProject
Project("{FAE04EC0-301F-11D3-BF4B-00C04F79EFBC}") = "Unity.2D.Common.Runtime", "Unity.2D.Common.Runtime.Player.csproj", "{CABADB6A-3CC1-659A-F607-FFF02C3588D1}"
EndProject
Project("{FAE04EC0-301F-11D3-BF4B-00C04F79EFBC}") = "Unity.2D.IK.Runtime", "Unity.2D.IK.Runtime.Player.csproj", "{7650C6F7-585F-4DD3-A51B-C2CC159830F2}"
EndProject
Project("{FAE04EC0-301F-11D3-BF4B-00C04F79EFBC}") = "Assembly-CSharp", "Assembly-CSharp.Player.csproj", "{5F61FBA7-B4CE-87ED-872D-83B04D80DFDB}"
EndProject
Project("{FAE04EC0-301F-11D3-BF4B-00C04F79EFBC}") = "Unity.2D.Tilemap.Extras", "Unity.2D.Tilemap.Extras.Player.csproj", "{C292422C-C6C9-2906-925C-0F9A19D7AE43}"
EndProject
Project("{FAE04EC0-301F-11D3-BF4B-00C04F79EFBC}") = "Unity.InternalAPIEngineBridge.001", "Unity.InternalAPIEngineBridge.001.Player.csproj", "{F7B1AEAE-3C56-10FD-02E4-7A4C6927F66A}"
EndProject
Global
	GlobalSection(SolutionConfigurationPlatforms) = preSolution
		Debug|Any CPU = Debug|Any CPU
		Release|Any CPU = Release|Any CPU
	EndGlobalSection
	GlobalSection(ProjectConfigurationPlatforms) = postSolution
		{B099F061-F3E6-79AF-0A68-20525821D42C}.Debug|Any CPU.ActiveCfg = Debug|Any CPU
		{B099F061-F3E6-79AF-0A68-20525821D42C}.Debug|Any CPU.Build.0 = Debug|Any CPU
		{B099F061-F3E6-79AF-0A68-20525821D42C}.Release|Any CPU.ActiveCfg = Release|Any CPU
		{B099F061-F3E6-79AF-0A68-20525821D42C}.Release|Any CPU.Build.0 = Release|Any CPU
		{526AFE6C-DC9B-230B-C111-F340BE4CA596}.Debug|Any CPU.ActiveCfg = Debug|Any CPU
		{526AFE6C-DC9B-230B-C111-F340BE4CA596}.Debug|Any CPU.Build.0 = Debug|Any CPU
		{526AFE6C-DC9B-230B-C111-F340BE4CA596}.Release|Any CPU.ActiveCfg = Release|Any CPU
		{526AFE6C-DC9B-230B-C111-F340BE4CA596}.Release|Any CPU.Build.0 = Release|Any CPU
		{9C97DA00-D209-EECC-1B64-88F5D0CB7B33}.Debug|Any CPU.ActiveCfg = Debug|Any CPU
		{9C97DA00-D209-EECC-1B64-88F5D0CB7B33}.Debug|Any CPU.Build.0 = Debug|Any CPU
		{9C97DA00-D209-EECC-1B64-88F5D0CB7B33}.Release|Any CPU.ActiveCfg = Release|Any CPU
		{9C97DA00-D209-EECC-1B64-88F5D0CB7B33}.Release|Any CPU.Build.0 = Release|Any CPU
		{5D8513F2-1CB5-47FF-FD8A-8868ADB33088}.Debug|Any CPU.ActiveCfg = Debug|Any CPU
		{5D8513F2-1CB5-47FF-FD8A-8868ADB33088}.Debug|Any CPU.Build.0 = Debug|Any CPU
		{5D8513F2-1CB5-47FF-FD8A-8868ADB33088}.Release|Any CPU.ActiveCfg = Release|Any CPU
		{5D8513F2-1CB5-47FF-FD8A-8868ADB33088}.Release|Any CPU.Build.0 = Release|Any CPU
		{93DD45AE-13B6-1698-938D-D4619CE76780}.Debug|Any CPU.ActiveCfg = Debug|Any CPU
		{93DD45AE-13B6-1698-938D-D4619CE76780}.Debug|Any CPU.Build.0 = Debug|Any CPU
		{93DD45AE-13B6-1698-938D-D4619CE76780}.Release|Any CPU.ActiveCfg = Release|Any CPU
		{93DD45AE-13B6-1698-938D-D4619CE76780}.Release|Any CPU.Build.0 = Release|Any CPU
		{6F2D98E9-45BB-5C2A-1D94-2E3A0FC8F3E6}.Debug|Any CPU.ActiveCfg = Debug|Any CPU
		{6F2D98E9-45BB-5C2A-1D94-2E3A0FC8F3E6}.Debug|Any CPU.Build.0 = Debug|Any CPU
		{6F2D98E9-45BB-5C2A-1D94-2E3A0FC8F3E6}.Release|Any CPU.ActiveCfg = Release|Any CPU
		{6F2D98E9-45BB-5C2A-1D94-2E3A0FC8F3E6}.Release|Any CPU.Build.0 = Release|Any CPU
		{E6388C6F-E487-C494-2535-E2D7EB61F74D}.Debug|Any CPU.ActiveCfg = Debug|Any CPU
		{E6388C6F-E487-C494-2535-E2D7EB61F74D}.Debug|Any CPU.Build.0 = Debug|Any CPU
		{E6388C6F-E487-C494-2535-E2D7EB61F74D}.Release|Any CPU.ActiveCfg = Release|Any CPU
		{E6388C6F-E487-C494-2535-E2D7EB61F74D}.Release|Any CPU.Build.0 = Release|Any CPU
		{BE77501E-EF02-03F1-79BF-8F8D771E7279}.Debug|Any CPU.ActiveCfg = Debug|Any CPU
		{BE77501E-EF02-03F1-79BF-8F8D771E7279}.Debug|Any CPU.Build.0 = Debug|Any CPU
		{BE77501E-EF02-03F1-79BF-8F8D771E7279}.Release|Any CPU.ActiveCfg = Release|Any CPU
		{BE77501E-EF02-03F1-79BF-8F8D771E7279}.Release|Any CPU.Build.0 = Release|Any CPU
		{9BA2B9AB-08A6-BB95-DFE5-402E179AE927}.Debug|Any CPU.ActiveCfg = Debug|Any CPU
		{9BA2B9AB-08A6-BB95-DFE5-402E179AE927}.Debug|Any CPU.Build.0 = Debug|Any CPU
		{9BA2B9AB-08A6-BB95-DFE5-402E179AE927}.Release|Any CPU.ActiveCfg = Release|Any CPU
		{9BA2B9AB-08A6-BB95-DFE5-402E179AE927}.Release|Any CPU.Build.0 = Release|Any CPU
		{3AE151C5-478A-D0C7-BCC3-D0B5A162E10A}.Debug|Any CPU.ActiveCfg = Debug|Any CPU
		{3AE151C5-478A-D0C7-BCC3-D0B5A162E10A}.Debug|Any CPU.Build.0 = Debug|Any CPU
		{3AE151C5-478A-D0C7-BCC3-D0B5A162E10A}.Release|Any CPU.ActiveCfg = Release|Any CPU
		{3AE151C5-478A-D0C7-BCC3-D0B5A162E10A}.Release|Any CPU.Build.0 = Release|Any CPU
		{56AF48A1-8EA0-7770-A64E-738400349367}.Debug|Any CPU.ActiveCfg = Debug|Any CPU
		{56AF48A1-8EA0-7770-A64E-738400349367}.Debug|Any CPU.Build.0 = Debug|Any CPU
		{56AF48A1-8EA0-7770-A64E-738400349367}.Release|Any CPU.ActiveCfg = Release|Any CPU
		{56AF48A1-8EA0-7770-A64E-738400349367}.Release|Any CPU.Build.0 = Release|Any CPU
		{010EB550-06A5-B8A8-3EB2-4394218C8692}.Debug|Any CPU.ActiveCfg = Debug|Any CPU
		{010EB550-06A5-B8A8-3EB2-4394218C8692}.Debug|Any CPU.Build.0 = Debug|Any CPU
		{010EB550-06A5-B8A8-3EB2-4394218C8692}.Release|Any CPU.ActiveCfg = Release|Any CPU
		{010EB550-06A5-B8A8-3EB2-4394218C8692}.Release|Any CPU.Build.0 = Release|Any CPU
		{B9AA37F4-E57F-0E24-39BD-C3580D8CC430}.Debug|Any CPU.ActiveCfg = Debug|Any CPU
		{B9AA37F4-E57F-0E24-39BD-C3580D8CC430}.Debug|Any CPU.Build.0 = Debug|Any CPU
		{B9AA37F4-E57F-0E24-39BD-C3580D8CC430}.Release|Any CPU.ActiveCfg = Release|Any CPU
		{B9AA37F4-E57F-0E24-39BD-C3580D8CC430}.Release|Any CPU.Build.0 = Release|Any CPU
		{717B7A99-51D3-C17C-813B-E54F7E87D348}.Debug|Any CPU.ActiveCfg = Debug|Any CPU
		{717B7A99-51D3-C17C-813B-E54F7E87D348}.Debug|Any CPU.Build.0 = Debug|Any CPU
		{717B7A99-51D3-C17C-813B-E54F7E87D348}.Release|Any CPU.ActiveCfg = Release|Any CPU
		{717B7A99-51D3-C17C-813B-E54F7E87D348}.Release|Any CPU.Build.0 = Release|Any CPU
		{C6A62212-8B40-3482-B05B-00F3786A8E3F}.Debug|Any CPU.ActiveCfg = Debug|Any CPU
		{C6A62212-8B40-3482-B05B-00F3786A8E3F}.Debug|Any CPU.Build.0 = Debug|Any CPU
		{C6A62212-8B40-3482-B05B-00F3786A8E3F}.Release|Any CPU.ActiveCfg = Release|Any CPU
		{C6A62212-8B40-3482-B05B-00F3786A8E3F}.Release|Any CPU.Build.0 = Release|Any CPU
		{C69807DE-BF13-D841-5341-B434022B0132}.Debug|Any CPU.ActiveCfg = Debug|Any CPU
		{C69807DE-BF13-D841-5341-B434022B0132}.Debug|Any CPU.Build.0 = Debug|Any CPU
		{C69807DE-BF13-D841-5341-B434022B0132}.Release|Any CPU.ActiveCfg = Release|Any CPU
		{C69807DE-BF13-D841-5341-B434022B0132}.Release|Any CPU.Build.0 = Release|Any CPU
		{4E1B5B92-065F-9BDE-3525-82BD070C7B2A}.Debug|Any CPU.ActiveCfg = Debug|Any CPU
		{4E1B5B92-065F-9BDE-3525-82BD070C7B2A}.Debug|Any CPU.Build.0 = Debug|Any CPU
		{4E1B5B92-065F-9BDE-3525-82BD070C7B2A}.Release|Any CPU.ActiveCfg = Release|Any CPU
		{4E1B5B92-065F-9BDE-3525-82BD070C7B2A}.Release|Any CPU.Build.0 = Release|Any CPU
		{7804F903-66D6-5E2B-3FC8-E4B4A642B547}.Debug|Any CPU.ActiveCfg = Debug|Any CPU
		{7804F903-66D6-5E2B-3FC8-E4B4A642B547}.Debug|Any CPU.Build.0 = Debug|Any CPU
		{7804F903-66D6-5E2B-3FC8-E4B4A642B547}.Release|Any CPU.ActiveCfg = Release|Any CPU
		{7804F903-66D6-5E2B-3FC8-E4B4A642B547}.Release|Any CPU.Build.0 = Release|Any CPU
		{267CFC20-2365-B290-01A2-94601BB7DB33}.Debug|Any CPU.ActiveCfg = Debug|Any CPU
		{267CFC20-2365-B290-01A2-94601BB7DB33}.Debug|Any CPU.Build.0 = Debug|Any CPU
		{267CFC20-2365-B290-01A2-94601BB7DB33}.Release|Any CPU.ActiveCfg = Release|Any CPU
		{267CFC20-2365-B290-01A2-94601BB7DB33}.Release|Any CPU.Build.0 = Release|Any CPU
		{0E794EBE-9A22-26FA-22A5-BCAA56271F82}.Debug|Any CPU.ActiveCfg = Debug|Any CPU
		{0E794EBE-9A22-26FA-22A5-BCAA56271F82}.Debug|Any CPU.Build.0 = Debug|Any CPU
		{0E794EBE-9A22-26FA-22A5-BCAA56271F82}.Release|Any CPU.ActiveCfg = Release|Any CPU
		{0E794EBE-9A22-26FA-22A5-BCAA56271F82}.Release|Any CPU.Build.0 = Release|Any CPU
		{A8D6E76A-8067-479A-8A73-8D6509D5D4AF}.Debug|Any CPU.ActiveCfg = Debug|Any CPU
		{A8D6E76A-8067-479A-8A73-8D6509D5D4AF}.Debug|Any CPU.Build.0 = Debug|Any CPU
		{A8D6E76A-8067-479A-8A73-8D6509D5D4AF}.Release|Any CPU.ActiveCfg = Release|Any CPU
		{A8D6E76A-8067-479A-8A73-8D6509D5D4AF}.Release|Any CPU.Build.0 = Release|Any CPU
		{F345984C-84A7-0ADB-2DB2-363550266B7A}.Debug|Any CPU.ActiveCfg = Debug|Any CPU
		{F345984C-84A7-0ADB-2DB2-363550266B7A}.Debug|Any CPU.Build.0 = Debug|Any CPU
		{F345984C-84A7-0ADB-2DB2-363550266B7A}.Release|Any CPU.ActiveCfg = Release|Any CPU
		{F345984C-84A7-0ADB-2DB2-363550266B7A}.Release|Any CPU.Build.0 = Release|Any CPU
		{8EB36CBD-98D1-289F-E2EA-B242001D9F01}.Debug|Any CPU.ActiveCfg = Debug|Any CPU
		{8EB36CBD-98D1-289F-E2EA-B242001D9F01}.Debug|Any CPU.Build.0 = Debug|Any CPU
		{8EB36CBD-98D1-289F-E2EA-B242001D9F01}.Release|Any CPU.ActiveCfg = Release|Any CPU
		{8EB36CBD-98D1-289F-E2EA-B242001D9F01}.Release|Any CPU.Build.0 = Release|Any CPU
		{DAF49D0B-FFD7-D882-49D2-12E8C64028E1}.Debug|Any CPU.ActiveCfg = Debug|Any CPU
		{DAF49D0B-FFD7-D882-49D2-12E8C64028E1}.Debug|Any CPU.Build.0 = Debug|Any CPU
		{DAF49D0B-FFD7-D882-49D2-12E8C64028E1}.Release|Any CPU.ActiveCfg = Release|Any CPU
		{DAF49D0B-FFD7-D882-49D2-12E8C64028E1}.Release|Any CPU.Build.0 = Release|Any CPU
		{7C888851-A565-0103-CE32-81EB37D80101}.Debug|Any CPU.ActiveCfg = Debug|Any CPU
		{7C888851-A565-0103-CE32-81EB37D80101}.Debug|Any CPU.Build.0 = Debug|Any CPU
		{7C888851-A565-0103-CE32-81EB37D80101}.Release|Any CPU.ActiveCfg = Release|Any CPU
		{7C888851-A565-0103-CE32-81EB37D80101}.Release|Any CPU.Build.0 = Release|Any CPU
		{9A1CF7FD-8D0F-C061-842B-9481F77157EF}.Debug|Any CPU.ActiveCfg = Debug|Any CPU
		{9A1CF7FD-8D0F-C061-842B-9481F77157EF}.Debug|Any CPU.Build.0 = Debug|Any CPU
		{9A1CF7FD-8D0F-C061-842B-9481F77157EF}.Release|Any CPU.ActiveCfg = Release|Any CPU
		{9A1CF7FD-8D0F-C061-842B-9481F77157EF}.Release|Any CPU.Build.0 = Release|Any CPU
		{77D9B344-50E8-254F-9B2A-3796312586ED}.Debug|Any CPU.ActiveCfg = Debug|Any CPU
		{77D9B344-50E8-254F-9B2A-3796312586ED}.Debug|Any CPU.Build.0 = Debug|Any CPU
		{77D9B344-50E8-254F-9B2A-3796312586ED}.Release|Any CPU.ActiveCfg = Release|Any CPU
		{77D9B344-50E8-254F-9B2A-3796312586ED}.Release|Any CPU.Build.0 = Release|Any CPU
		{C6DA0E5A-C4D5-F300-E04F-D41F472E6E51}.Debug|Any CPU.ActiveCfg = Debug|Any CPU
		{C6DA0E5A-C4D5-F300-E04F-D41F472E6E51}.Debug|Any CPU.Build.0 = Debug|Any CPU
		{C6DA0E5A-C4D5-F300-E04F-D41F472E6E51}.Release|Any CPU.ActiveCfg = Release|Any CPU
		{C6DA0E5A-C4D5-F300-E04F-D41F472E6E51}.Release|Any CPU.Build.0 = Release|Any CPU
		{DA962619-0D9D-4458-6F83-B20492037979}.Debug|Any CPU.ActiveCfg = Debug|Any CPU
		{DA962619-0D9D-4458-6F83-B20492037979}.Debug|Any CPU.Build.0 = Debug|Any CPU
		{DA962619-0D9D-4458-6F83-B20492037979}.Release|Any CPU.ActiveCfg = Release|Any CPU
		{DA962619-0D9D-4458-6F83-B20492037979}.Release|Any CPU.Build.0 = Release|Any CPU
		{2027CD38-AA05-81A9-FF1F-CF3F39F6429E}.Debug|Any CPU.ActiveCfg = Debug|Any CPU
		{2027CD38-AA05-81A9-FF1F-CF3F39F6429E}.Debug|Any CPU.Build.0 = Debug|Any CPU
		{2027CD38-AA05-81A9-FF1F-CF3F39F6429E}.Release|Any CPU.ActiveCfg = Release|Any CPU
		{2027CD38-AA05-81A9-FF1F-CF3F39F6429E}.Release|Any CPU.Build.0 = Release|Any CPU
		{D8FA0A91-8A10-D7B4-82C4-09D511E1803E}.Debug|Any CPU.ActiveCfg = Debug|Any CPU
		{D8FA0A91-8A10-D7B4-82C4-09D511E1803E}.Debug|Any CPU.Build.0 = Debug|Any CPU
		{D8FA0A91-8A10-D7B4-82C4-09D511E1803E}.Release|Any CPU.ActiveCfg = Release|Any CPU
		{D8FA0A91-8A10-D7B4-82C4-09D511E1803E}.Release|Any CPU.Build.0 = Release|Any CPU
		{B6D9A9B5-1128-8D7B-D219-ECAF71B7779C}.Debug|Any CPU.ActiveCfg = Debug|Any CPU
		{B6D9A9B5-1128-8D7B-D219-ECAF71B7779C}.Debug|Any CPU.Build.0 = Debug|Any CPU
		{B6D9A9B5-1128-8D7B-D219-ECAF71B7779C}.Release|Any CPU.ActiveCfg = Release|Any CPU
		{B6D9A9B5-1128-8D7B-D219-ECAF71B7779C}.Release|Any CPU.Build.0 = Release|Any CPU
		{53EBDF85-209B-7FF1-4085-38CE9A3EDE73}.Debug|Any CPU.ActiveCfg = Debug|Any CPU
		{53EBDF85-209B-7FF1-4085-38CE9A3EDE73}.Debug|Any CPU.Build.0 = Debug|Any CPU
		{53EBDF85-209B-7FF1-4085-38CE9A3EDE73}.Release|Any CPU.ActiveCfg = Release|Any CPU
		{53EBDF85-209B-7FF1-4085-38CE9A3EDE73}.Release|Any CPU.Build.0 = Release|Any CPU
		{1856DDC3-E3F6-EB36-C7DA-C840458D6798}.Debug|Any CPU.ActiveCfg = Debug|Any CPU
		{1856DDC3-E3F6-EB36-C7DA-C840458D6798}.Debug|Any CPU.Build.0 = Debug|Any CPU
		{1856DDC3-E3F6-EB36-C7DA-C840458D6798}.Release|Any CPU.ActiveCfg = Release|Any CPU
		{1856DDC3-E3F6-EB36-C7DA-C840458D6798}.Release|Any CPU.Build.0 = Release|Any CPU
		{AD54EE8F-3F74-1F5D-6DAE-63D53ED25EBE}.Debug|Any CPU.ActiveCfg = Debug|Any CPU
		{AD54EE8F-3F74-1F5D-6DAE-63D53ED25EBE}.Debug|Any CPU.Build.0 = Debug|Any CPU
		{AD54EE8F-3F74-1F5D-6DAE-63D53ED25EBE}.Release|Any CPU.ActiveCfg = Release|Any CPU
		{AD54EE8F-3F74-1F5D-6DAE-63D53ED25EBE}.Release|Any CPU.Build.0 = Release|Any CPU
		{19F67F38-D734-4C4F-C7D0-A12E41397CB0}.Debug|Any CPU.ActiveCfg = Debug|Any CPU
		{19F67F38-D734-4C4F-C7D0-A12E41397CB0}.Debug|Any CPU.Build.0 = Debug|Any CPU
		{19F67F38-D734-4C4F-C7D0-A12E41397CB0}.Release|Any CPU.ActiveCfg = Release|Any CPU
		{19F67F38-D734-4C4F-C7D0-A12E41397CB0}.Release|Any CPU.Build.0 = Release|Any CPU
		{34CFF5D4-302A-42EF-5EB3-7612BE563E13}.Debug|Any CPU.ActiveCfg = Debug|Any CPU
		{34CFF5D4-302A-42EF-5EB3-7612BE563E13}.Debug|Any CPU.Build.0 = Debug|Any CPU
		{34CFF5D4-302A-42EF-5EB3-7612BE563E13}.Release|Any CPU.ActiveCfg = Release|Any CPU
		{34CFF5D4-302A-42EF-5EB3-7612BE563E13}.Release|Any CPU.Build.0 = Release|Any CPU
		{E5C255F9-1B5F-3E00-EE10-149CC5634982}.Debug|Any CPU.ActiveCfg = Debug|Any CPU
		{E5C255F9-1B5F-3E00-EE10-149CC5634982}.Debug|Any CPU.Build.0 = Debug|Any CPU
		{E5C255F9-1B5F-3E00-EE10-149CC5634982}.Release|Any CPU.ActiveCfg = Release|Any CPU
		{E5C255F9-1B5F-3E00-EE10-149CC5634982}.Release|Any CPU.Build.0 = Release|Any CPU
		{F3FD798C-88B8-508C-7362-1A06FEB68DFC}.Debug|Any CPU.ActiveCfg = Debug|Any CPU
		{F3FD798C-88B8-508C-7362-1A06FEB68DFC}.Debug|Any CPU.Build.0 = Debug|Any CPU
		{F3FD798C-88B8-508C-7362-1A06FEB68DFC}.Release|Any CPU.ActiveCfg = Release|Any CPU
		{F3FD798C-88B8-508C-7362-1A06FEB68DFC}.Release|Any CPU.Build.0 = Release|Any CPU
		{CCC42C2A-D34E-FA84-DB35-DB5F83C04B66}.Debug|Any CPU.ActiveCfg = Debug|Any CPU
		{CCC42C2A-D34E-FA84-DB35-DB5F83C04B66}.Debug|Any CPU.Build.0 = Debug|Any CPU
		{CCC42C2A-D34E-FA84-DB35-DB5F83C04B66}.Release|Any CPU.ActiveCfg = Release|Any CPU
		{CCC42C2A-D34E-FA84-DB35-DB5F83C04B66}.Release|Any CPU.Build.0 = Release|Any CPU
		{571F6837-A9CE-6E7A-AAF3-BA5E7A7E6291}.Debug|Any CPU.ActiveCfg = Debug|Any CPU
		{571F6837-A9CE-6E7A-AAF3-BA5E7A7E6291}.Debug|Any CPU.Build.0 = Debug|Any CPU
		{571F6837-A9CE-6E7A-AAF3-BA5E7A7E6291}.Release|Any CPU.ActiveCfg = Release|Any CPU
		{571F6837-A9CE-6E7A-AAF3-BA5E7A7E6291}.Release|Any CPU.Build.0 = Release|Any CPU
		{3461D763-CB30-091E-6437-140083F3D9BF}.Debug|Any CPU.ActiveCfg = Debug|Any CPU
		{3461D763-CB30-091E-6437-140083F3D9BF}.Debug|Any CPU.Build.0 = Debug|Any CPU
		{3461D763-CB30-091E-6437-140083F3D9BF}.Release|Any CPU.ActiveCfg = Release|Any CPU
		{3461D763-CB30-091E-6437-140083F3D9BF}.Release|Any CPU.Build.0 = Release|Any CPU
		{0792F17E-449B-3524-F3F2-42C3BBD1177F}.Debug|Any CPU.ActiveCfg = Debug|Any CPU
		{0792F17E-449B-3524-F3F2-42C3BBD1177F}.Debug|Any CPU.Build.0 = Debug|Any CPU
		{0792F17E-449B-3524-F3F2-42C3BBD1177F}.Release|Any CPU.ActiveCfg = Release|Any CPU
		{0792F17E-449B-3524-F3F2-42C3BBD1177F}.Release|Any CPU.Build.0 = Release|Any CPU
		{12DB28C8-E763-90D1-4261-988F29D847B6}.Debug|Any CPU.ActiveCfg = Debug|Any CPU
		{12DB28C8-E763-90D1-4261-988F29D847B6}.Debug|Any CPU.Build.0 = Debug|Any CPU
		{12DB28C8-E763-90D1-4261-988F29D847B6}.Release|Any CPU.ActiveCfg = Release|Any CPU
		{12DB28C8-E763-90D1-4261-988F29D847B6}.Release|Any CPU.Build.0 = Release|Any CPU
		{FD044998-6C4D-9E8A-C634-B84F4F2C3925}.Debug|Any CPU.ActiveCfg = Debug|Any CPU
		{FD044998-6C4D-9E8A-C634-B84F4F2C3925}.Debug|Any CPU.Build.0 = Debug|Any CPU
		{FD044998-6C4D-9E8A-C634-B84F4F2C3925}.Release|Any CPU.ActiveCfg = Release|Any CPU
		{FD044998-6C4D-9E8A-C634-B84F4F2C3925}.Release|Any CPU.Build.0 = Release|Any CPU
		{00EEB40B-7832-9890-3DAC-C2D561A71730}.Debug|Any CPU.ActiveCfg = Debug|Any CPU
		{00EEB40B-7832-9890-3DAC-C2D561A71730}.Debug|Any CPU.Build.0 = Debug|Any CPU
		{00EEB40B-7832-9890-3DAC-C2D561A71730}.Release|Any CPU.ActiveCfg = Release|Any CPU
		{00EEB40B-7832-9890-3DAC-C2D561A71730}.Release|Any CPU.Build.0 = Release|Any CPU
		{E75FDA4B-9E10-D805-8232-30AFED6D3CCB}.Debug|Any CPU.ActiveCfg = Debug|Any CPU
		{E75FDA4B-9E10-D805-8232-30AFED6D3CCB}.Debug|Any CPU.Build.0 = Debug|Any CPU
		{E75FDA4B-9E10-D805-8232-30AFED6D3CCB}.Release|Any CPU.ActiveCfg = Release|Any CPU
		{E75FDA4B-9E10-D805-8232-30AFED6D3CCB}.Release|Any CPU.Build.0 = Release|Any CPU
		{EB0A89F7-8E39-4265-3798-273765329EAE}.Debug|Any CPU.ActiveCfg = Debug|Any CPU
		{EB0A89F7-8E39-4265-3798-273765329EAE}.Debug|Any CPU.Build.0 = Debug|Any CPU
		{EB0A89F7-8E39-4265-3798-273765329EAE}.Release|Any CPU.ActiveCfg = Release|Any CPU
		{EB0A89F7-8E39-4265-3798-273765329EAE}.Release|Any CPU.Build.0 = Release|Any CPU
		{FA985486-46CD-CEA7-D11C-A6FE931AA35A}.Debug|Any CPU.ActiveCfg = Debug|Any CPU
		{FA985486-46CD-CEA7-D11C-A6FE931AA35A}.Debug|Any CPU.Build.0 = Debug|Any CPU
		{FA985486-46CD-CEA7-D11C-A6FE931AA35A}.Release|Any CPU.ActiveCfg = Release|Any CPU
		{FA985486-46CD-CEA7-D11C-A6FE931AA35A}.Release|Any CPU.Build.0 = Release|Any CPU
		{5BADC6C7-6AB5-B792-06EC-7248977F7082}.Debug|Any CPU.ActiveCfg = Debug|Any CPU
		{5BADC6C7-6AB5-B792-06EC-7248977F7082}.Debug|Any CPU.Build.0 = Debug|Any CPU
		{5BADC6C7-6AB5-B792-06EC-7248977F7082}.Release|Any CPU.ActiveCfg = Release|Any CPU
		{5BADC6C7-6AB5-B792-06EC-7248977F7082}.Release|Any CPU.Build.0 = Release|Any CPU
		{4E57ADEA-1340-FDCB-804F-0759FED9C210}.Debug|Any CPU.ActiveCfg = Debug|Any CPU
		{4E57ADEA-1340-FDCB-804F-0759FED9C210}.Debug|Any CPU.Build.0 = Debug|Any CPU
		{4E57ADEA-1340-FDCB-804F-0759FED9C210}.Release|Any CPU.ActiveCfg = Release|Any CPU
		{4E57ADEA-1340-FDCB-804F-0759FED9C210}.Release|Any CPU.Build.0 = Release|Any CPU
		{C09E8BB8-0D61-773E-91EC-8B8B8165B3EA}.Debug|Any CPU.ActiveCfg = Debug|Any CPU
		{C09E8BB8-0D61-773E-91EC-8B8B8165B3EA}.Debug|Any CPU.Build.0 = Debug|Any CPU
		{C09E8BB8-0D61-773E-91EC-8B8B8165B3EA}.Release|Any CPU.ActiveCfg = Release|Any CPU
		{C09E8BB8-0D61-773E-91EC-8B8B8165B3EA}.Release|Any CPU.Build.0 = Release|Any CPU
		{7807C540-9B66-0E13-0DDD-96354A1D72C9}.Debug|Any CPU.ActiveCfg = Debug|Any CPU
		{7807C540-9B66-0E13-0DDD-96354A1D72C9}.Debug|Any CPU.Build.0 = Debug|Any CPU
		{7807C540-9B66-0E13-0DDD-96354A1D72C9}.Release|Any CPU.ActiveCfg = Release|Any CPU
		{7807C540-9B66-0E13-0DDD-96354A1D72C9}.Release|Any CPU.Build.0 = Release|Any CPU
		{7132783A-505E-42EF-02FA-40E34C6C9212}.Debug|Any CPU.ActiveCfg = Debug|Any CPU
		{7132783A-505E-42EF-02FA-40E34C6C9212}.Debug|Any CPU.Build.0 = Debug|Any CPU
		{7132783A-505E-42EF-02FA-40E34C6C9212}.Release|Any CPU.ActiveCfg = Release|Any CPU
		{7132783A-505E-42EF-02FA-40E34C6C9212}.Release|Any CPU.Build.0 = Release|Any CPU
		{D16CB474-B21A-926D-889E-A081B019DA56}.Debug|Any CPU.ActiveCfg = Debug|Any CPU
		{D16CB474-B21A-926D-889E-A081B019DA56}.Debug|Any CPU.Build.0 = Debug|Any CPU
		{D16CB474-B21A-926D-889E-A081B019DA56}.Release|Any CPU.ActiveCfg = Release|Any CPU
		{D16CB474-B21A-926D-889E-A081B019DA56}.Release|Any CPU.Build.0 = Release|Any CPU
		{BF3D8E07-3351-0D37-3779-4D693FA684FB}.Debug|Any CPU.ActiveCfg = Debug|Any CPU
		{BF3D8E07-3351-0D37-3779-4D693FA684FB}.Debug|Any CPU.Build.0 = Debug|Any CPU
		{BF3D8E07-3351-0D37-3779-4D693FA684FB}.Release|Any CPU.ActiveCfg = Release|Any CPU
		{BF3D8E07-3351-0D37-3779-4D693FA684FB}.Release|Any CPU.Build.0 = Release|Any CPU
		{A1D63A00-8A4E-B368-A0E4-2CDDE1C5E86B}.Debug|Any CPU.ActiveCfg = Debug|Any CPU
		{A1D63A00-8A4E-B368-A0E4-2CDDE1C5E86B}.Debug|Any CPU.Build.0 = Debug|Any CPU
		{A1D63A00-8A4E-B368-A0E4-2CDDE1C5E86B}.Release|Any CPU.ActiveCfg = Release|Any CPU
		{A1D63A00-8A4E-B368-A0E4-2CDDE1C5E86B}.Release|Any CPU.Build.0 = Release|Any CPU
		{F268A19B-4667-DA70-9550-CADF634BCB9F}.Debug|Any CPU.ActiveCfg = Debug|Any CPU
		{F268A19B-4667-DA70-9550-CADF634BCB9F}.Debug|Any CPU.Build.0 = Debug|Any CPU
		{F268A19B-4667-DA70-9550-CADF634BCB9F}.Release|Any CPU.ActiveCfg = Release|Any CPU
		{F268A19B-4667-DA70-9550-CADF634BCB9F}.Release|Any CPU.Build.0 = Release|Any CPU
		{3BAC8711-3C50-6266-13C5-CF7A48E450BA}.Debug|Any CPU.ActiveCfg = Debug|Any CPU
		{3BAC8711-3C50-6266-13C5-CF7A48E450BA}.Debug|Any CPU.Build.0 = Debug|Any CPU
		{3BAC8711-3C50-6266-13C5-CF7A48E450BA}.Release|Any CPU.ActiveCfg = Release|Any CPU
		{3BAC8711-3C50-6266-13C5-CF7A48E450BA}.Release|Any CPU.Build.0 = Release|Any CPU
		{CABADB6A-3CC1-659A-F607-FFF02C3588D1}.Debug|Any CPU.ActiveCfg = Debug|Any CPU
		{CABADB6A-3CC1-659A-F607-FFF02C3588D1}.Debug|Any CPU.Build.0 = Debug|Any CPU
		{CABADB6A-3CC1-659A-F607-FFF02C3588D1}.Release|Any CPU.ActiveCfg = Release|Any CPU
		{CABADB6A-3CC1-659A-F607-FFF02C3588D1}.Release|Any CPU.Build.0 = Release|Any CPU
		{7650C6F7-585F-4DD3-A51B-C2CC159830F2}.Debug|Any CPU.ActiveCfg = Debug|Any CPU
		{7650C6F7-585F-4DD3-A51B-C2CC159830F2}.Debug|Any CPU.Build.0 = Debug|Any CPU
		{7650C6F7-585F-4DD3-A51B-C2CC159830F2}.Release|Any CPU.ActiveCfg = Release|Any CPU
		{7650C6F7-585F-4DD3-A51B-C2CC159830F2}.Release|Any CPU.Build.0 = Release|Any CPU
		{5F61FBA7-B4CE-87ED-872D-83B04D80DFDB}.Debug|Any CPU.ActiveCfg = Debug|Any CPU
		{5F61FBA7-B4CE-87ED-872D-83B04D80DFDB}.Debug|Any CPU.Build.0 = Debug|Any CPU
		{5F61FBA7-B4CE-87ED-872D-83B04D80DFDB}.Release|Any CPU.ActiveCfg = Release|Any CPU
		{5F61FBA7-B4CE-87ED-872D-83B04D80DFDB}.Release|Any CPU.Build.0 = Release|Any CPU
		{C292422C-C6C9-2906-925C-0F9A19D7AE43}.Debug|Any CPU.ActiveCfg = Debug|Any CPU
		{C292422C-C6C9-2906-925C-0F9A19D7AE43}.Debug|Any CPU.Build.0 = Debug|Any CPU
		{C292422C-C6C9-2906-925C-0F9A19D7AE43}.Release|Any CPU.ActiveCfg = Release|Any CPU
		{C292422C-C6C9-2906-925C-0F9A19D7AE43}.Release|Any CPU.Build.0 = Release|Any CPU
		{F7B1AEAE-3C56-10FD-02E4-7A4C6927F66A}.Debug|Any CPU.ActiveCfg = Debug|Any CPU
		{F7B1AEAE-3C56-10FD-02E4-7A4C6927F66A}.Debug|Any CPU.Build.0 = Debug|Any CPU
		{F7B1AEAE-3C56-10FD-02E4-7A4C6927F66A}.Release|Any CPU.ActiveCfg = Release|Any CPU
		{F7B1AEAE-3C56-10FD-02E4-7A4C6927F66A}.Release|Any CPU.Build.0 = Release|Any CPU
	EndGlobalSection
	GlobalSection(SolutionProperties) = preSolution
		HideSolutionNode = FALSE
	EndGlobalSection
EndGlobal
